fyne.io/fyne v0.0.0-20190131222220-5ee8fcdeb439 h1:tAKlLZEIpIAkW4dN/SIGaiND+KGkzLR8fDhmeM7vKMo=
fyne.io/fyne v0.0.0-20190131222220-5ee8fcdeb439/go.mod h1:7zZ/iK2TrnF2/9eDvB7EEbTtKdbHzQfREhUyFmvAKeM=
github.com/EverlongProject/go-force v0.0.0-20180821175147-3512eae66bc4 h1:zz7bH7SvqxWsjpnzjYjzG1F2dVhhApWm1uIdQnZ82XU=
github.com/EverlongProject/go-force v0.0.0-20180821175147-3512eae66bc4/go.mod h1:dS/7axKJxmkaJmuY7yB82+WAOhu5wzL9eHcr4iZWXig=
github.com/Knetic/govaluate v3.0.0+incompatible h1:7o6+MAPhYTCF0+fdvoz1xDedhRb4f6s9Tn1Tt7/WTEg=
github.com/Knetic/govaluate v3.0.0+incompatible/go.mod h1:r7JcOSlj0wfOMncg0iLm8Leh48TZaKVeNIfJntJ2wa0=
github.com/andydotxyz/sudokgo v0.0.0-20181228230944-56a8ab217e1e h1:XtYdAMrGyCUlfj+Rwi8ozJZobwEmg27m34xc/XKDBzs=
github.com/andydotxyz/sudokgo v0.0.0-20181228230944-56a8ab217e1e/go.mod h1:836aljvj5oYzCHraoMGUstt1rgU8y7Ped3cf4tW5KXE=
github.com/fyne-io/examples v0.0.0-20190125130311-38f035e5aa05 h1:F3A6LVDN0s7abqacoFVqSpJK/wkzgleMOnVDipyWBxM=
github.com/fyne-io/examples v0.0.0-20190125130311-38f035e5aa05/go.mod h1:5H9Rmf1bXgeOLtOmTvNIYn9qQYpLTYjmA9rNGdwdudk=
github.com/glyn/go-force v0.0.0-20180821175147-3512eae66bc4 h1:Vv1qb1Pyieo7wCAUzeKKXLRCS648iD6h1G/OxLyirII=
github.com/glyn/go-force v0.0.0-20180821175147-3512eae66bc4/go.mod h1:3vUns3CDT3jrgj6A8vDB7LREACuxwqcTyPlOuPY1PlU=
github.com/go-gl/gl v0.0.0-20181026044259-55b76b7df9d2 h1:78Hza2KHn2PX1jdydQnffaU2A/xM0g3Nx1xmMdep9Gk=
github.com/go-gl/gl v0.0.0-20181026044259-55b76b7df9d2/go.mod h1:482civXOzJJCPzJ4ZOX/pwvXBWSnzD4OKMdH4ClKGbk=
github.com/go-gl/glfw v0.0.0-20181213070059-819e8ce5125f h1:7MsFMbSn8Lcw0blK4+NEOf8DuHoOBDhJsHz04yh13pM=
github.com/go-gl/glfw v0.0.0-20181213070059-819e8ce5125f/go.mod h1:vR7hzQXu2zJy9AVAgeJqvqgH9Q5CA+iKCZ2gyEVpxRU=
github.com/goki/freetype v0.0.0-20181231101311-fa8a33aabaff h1:W71vTCKoxtdXgnm1ECDFkfQnpdqAO00zzGXLA5yaEX8=
github.com/goki/freetype v0.0.0-20181231101311-fa8a33aabaff/go.mod h1:wfqRWLHRBsRgkp5dmbG56SA0DmVtwrF5N3oPdI8t+Aw=
github.com/nimajalali/go-force v0.0.0-20180615191228-2b94c45dfae2 h1:zFB88kglSTQJJfdHJg7/nHPHQeb19YCrolA/UcfDUJE=
github.com/nimajalali/go-force v0.0.0-20180615191228-2b94c45dfae2/go.mod h1:+C98+CJCRbHIa3rjNvF9wsmyWILFcbDiptIv0hoGSRM=
github.com/srwiley/oksvg v0.0.0-20190105194046-ccbc7673cdf3 h1:8REQ/vZZIZFaZedUSHd7TVkK0CF4heqGtmyz30gCxm8=
github.com/srwiley/oksvg v0.0.0-20190105194046-ccbc7673cdf3/go.mod h1:afMbS0qvv1m5tfENCwnOdZGOF8RGR/FsZ7bvBxQGZG4=
github.com/srwiley/rasterx v0.0.0-20181219215540-696f7edb7a7e h1:FFotfUvew9Eg02LYRl8YybAnm0HCwjjfY5JlOI1oB00=
github.com/srwiley/rasterx v0.0.0-20181219215540-696f7edb7a7e/go.mod h1:mvWM0+15UqyrFKqdRjY6LuAVJR0HOVhJlEgZ5JWtSWU=
golang.org/x/image v0.0.0-20190118043309-183bebdce1b2 h1:FNSSV4jv1PrPsiM2iKGpqLPPgYACqh9Muav7Pollk1k=
golang.org/x/image v0.0.0-20190118043309-183bebdce1b2/go.mod h1:ux5Hcp/YLpHSI86hEcLt0YII63i6oz57MZXIpbrjZUs=
golang.org/x/net v0.0.0-20190125091013-d26f9f9a57f3 h1:ulvT7fqt0yHWzpJwI57MezWnYDVpCAYBVuYst/L+fAY=
golang.org/x/net v0.0.0-20190125091013-d26f9f9a57f3/go.mod h1:mL1N/T3taQHkDXs73rZJwtUhF3w3ftmwwsq0BUmARs4=
golang.org/x/text v0.3.0 h1:g61tztE5qeGQ89tm6NTjjM9VPIm088od1l6aSorWRWg=
golang.org/x/text v0.3.0/go.mod h1:NqM8EUOU14njkJ3fqMW+pc6Ldnwhi/IjpwHt7yyuwOQ=
