github.com/EverlongProject/go-force v0.0.0-20180821175147-3512eae66bc4 h1:zz7bH7SvqxWsjpnzjYjzG1F2dVhhApWm1uIdQnZ82XU=
github.com/EverlongProject/go-force v0.0.0-20180821175147-3512eae66bc4/go.mod h1:dS/7axKJxmkaJmuY7yB82+WAOhu5wzL9eHcr4iZWXig=
github.com/glyn/go-force v0.0.0-20180821175147-3512eae66bc4 h1:Vv1qb1Pyieo7wCAUzeKKXLRCS648iD6h1G/OxLyirII=
github.com/glyn/go-force v0.0.0-20180821175147-3512eae66bc4/go.mod h1:3vUns3CDT3jrgj6A8vDB7LREACuxwqcTyPlOuPY1PlU=
github.com/nimajalali/go-force v0.0.0-20180615191228-2b94c45dfae2 h1:zFB88kglSTQJJfdHJg7/nHPHQeb19YCrolA/UcfDUJE=
github.com/nimajalali/go-force v0.0.0-20180615191228-2b94c45dfae2/go.mod h1:+C98+CJCRbHIa3rjNvF9wsmyWILFcbDiptIv0hoGSRM=
